// !$*UTF8*$!
{
	archiveVersion = 1;
	classes = {
	};
	objectVersion = 46;
	objects = {

/* Begin PBXBuildFile section */
		10AFFA6E5E4D33E239EDAC96 /* Pods_audioKitExample.framework in Frameworks */ = {isa = PBXBuildFile; fileRef = BD8AE17E2882BA033D69A00D /* Pods_audioKitExample.framework */; };
		4BA7EB4E1F26266300E6C5D9 /* sine-A-High.m4a in Resources */ = {isa = PBXBuildFile; fileRef = 4BA7EB471F26266300E6C5D9 /* sine-A-High.m4a */; };
		4BA7EB4F1F26266300E6C5D9 /* sine-A.m4a in Resources */ = {isa = PBXBuildFile; fileRef = 4BA7EB481F26266300E6C5D9 /* sine-A.m4a */; };
		4BA7EB501F26266300E6C5D9 /* sine-B.m4a in Resources */ = {isa = PBXBuildFile; fileRef = 4BA7EB491F26266300E6C5D9 /* sine-B.m4a */; };
		4BA7EB511F26266300E6C5D9 /* sine-C-Sharp.m4a in Resources */ = {isa = PBXBuildFile; fileRef = 4BA7EB4A1F26266300E6C5D9 /* sine-C-Sharp.m4a */; };
		4BA7EB521F26266300E6C5D9 /* sine-D.m4a in Resources */ = {isa = PBXBuildFile; fileRef = 4BA7EB4B1F26266300E6C5D9 /* sine-D.m4a */; };
		4BA7EB531F26266300E6C5D9 /* sine-E.m4a in Resources */ = {isa = PBXBuildFile; fileRef = 4BA7EB4C1F26266300E6C5D9 /* sine-E.m4a */; };
		4BA7EB541F26266300E6C5D9 /* sine-G-Sharp.m4a in Resources */ = {isa = PBXBuildFile; fileRef = 4BA7EB4D1F26266300E6C5D9 /* sine-G-Sharp.m4a */; };
		4BE21DBF1F1FE5B4007BB22E /* AppDelegate.swift in Sources */ = {isa = PBXBuildFile; fileRef = 4BE21DBE1F1FE5B4007BB22E /* AppDelegate.swift */; };
		4BE21DC11F1FE5B4007BB22E /* ViewController.swift in Sources */ = {isa = PBXBuildFile; fileRef = 4BE21DC01F1FE5B4007BB22E /* ViewController.swift */; };
		4BE21DC41F1FE5B4007BB22E /* Main.storyboard in Resources */ = {isa = PBXBuildFile; fileRef = 4BE21DC21F1FE5B4007BB22E /* Main.storyboard */; };
		4BE21DC61F1FE5B4007BB22E /* Assets.xcassets in Resources */ = {isa = PBXBuildFile; fileRef = 4BE21DC51F1FE5B4007BB22E /* Assets.xcassets */; };
		4BE21DC91F1FE5B4007BB22E /* LaunchScreen.storyboard in Resources */ = {isa = PBXBuildFile; fileRef = 4BE21DC71F1FE5B4007BB22E /* LaunchScreen.storyboard */; };
/* End PBXBuildFile section */

/* Begin PBXFileReference section */
		0A9BC79F217542934234A66A /* Pods-audioKitExample.debug.xcconfig */ = {isa = PBXFileReference; includeInIndex = 1; lastKnownFileType = text.xcconfig; name = "Pods-audioKitExample.debug.xcconfig"; path = "Pods/Target Support Files/Pods-audioKitExample/Pods-audioKitExample.debug.xcconfig"; sourceTree = "<group>"; };
		4BA7EB471F26266300E6C5D9 /* sine-A-High.m4a */ = {isa = PBXFileReference; lastKnownFileType = file; path = "sine-A-High.m4a"; sourceTree = "<group>"; };
		4BA7EB481F26266300E6C5D9 /* sine-A.m4a */ = {isa = PBXFileReference; lastKnownFileType = file; path = "sine-A.m4a"; sourceTree = "<group>"; };
		4BA7EB491F26266300E6C5D9 /* sine-B.m4a */ = {isa = PBXFileReference; lastKnownFileType = file; path = "sine-B.m4a"; sourceTree = "<group>"; };
		4BA7EB4A1F26266300E6C5D9 /* sine-C-Sharp.m4a */ = {isa = PBXFileReference; lastKnownFileType = file; path = "sine-C-Sharp.m4a"; sourceTree = "<group>"; };
		4BA7EB4B1F26266300E6C5D9 /* sine-D.m4a */ = {isa = PBXFileReference; lastKnownFileType = file; path = "sine-D.m4a"; sourceTree = "<group>"; };
		4BA7EB4C1F26266300E6C5D9 /* sine-E.m4a */ = {isa = PBXFileReference; lastKnownFileType = file; path = "sine-E.m4a"; sourceTree = "<group>"; };
		4BA7EB4D1F26266300E6C5D9 /* sine-G-Sharp.m4a */ = {isa = PBXFileReference; lastKnownFileType = file; path = "sine-G-Sharp.m4a"; sourceTree = "<group>"; };
		4BE21DBB1F1FE5B4007BB22E /* audioKitExample.app */ = {isa = PBXFileReference; explicitFileType = wrapper.application; includeInIndex = 0; path = audioKitExample.app; sourceTree = BUILT_PRODUCTS_DIR; };
		4BE21DBE1F1FE5B4007BB22E /* AppDelegate.swift */ = {isa = PBXFileReference; lastKnownFileType = sourcecode.swift; path = AppDelegate.swift; sourceTree = "<group>"; };
		4BE21DC01F1FE5B4007BB22E /* ViewController.swift */ = {isa = PBXFileReference; lastKnownFileType = sourcecode.swift; path = ViewController.swift; sourceTree = "<group>"; };
		4BE21DC31F1FE5B4007BB22E /* Base */ = {isa = PBXFileReference; lastKnownFileType = file.storyboard; name = Base; path = Base.lproj/Main.storyboard; sourceTree = "<group>"; };
		4BE21DC51F1FE5B4007BB22E /* Assets.xcassets */ = {isa = PBXFileReference; lastKnownFileType = folder.assetcatalog; path = Assets.xcassets; sourceTree = "<group>"; };
		4BE21DC81F1FE5B4007BB22E /* Base */ = {isa = PBXFileReference; lastKnownFileType = file.storyboard; name = Base; path = Base.lproj/LaunchScreen.storyboard; sourceTree = "<group>"; };
		4BE21DCA1F1FE5B4007BB22E /* Info.plist */ = {isa = PBXFileReference; lastKnownFileType = text.plist.xml; path = Info.plist; sourceTree = "<group>"; };
		925E8AE308156610972A41E2 /* Pods-audioKitExample.release.xcconfig */ = {isa = PBXFileReference; includeInIndex = 1; lastKnownFileType = text.xcconfig; name = "Pods-audioKitExample.release.xcconfig"; path = "Pods/Target Support Files/Pods-audioKitExample/Pods-audioKitExample.release.xcconfig"; sourceTree = "<group>"; };
		BD8AE17E2882BA033D69A00D /* Pods_audioKitExample.framework */ = {isa = PBXFileReference; explicitFileType = wrapper.framework; includeInIndex = 0; path = Pods_audioKitExample.framework; sourceTree = BUILT_PRODUCTS_DIR; };
/* End PBXFileReference section */

/* Begin PBXFrameworksBuildPhase section */
		4BE21DB81F1FE5B4007BB22E /* Frameworks */ = {
			isa = PBXFrameworksBuildPhase;
			buildActionMask = 2147483647;
			files = (
				10AFFA6E5E4D33E239EDAC96 /* Pods_audioKitExample.framework in Frameworks */,
			);
			runOnlyForDeploymentPostprocessing = 0;
		};
/* End PBXFrameworksBuildPhase section */

/* Begin PBXGroup section */
		01EE200F85AC8C972FED489A /* Pods */ = {
			isa = PBXGroup;
			children = (
				0A9BC79F217542934234A66A /* Pods-audioKitExample.debug.xcconfig */,
				925E8AE308156610972A41E2 /* Pods-audioKitExample.release.xcconfig */,
			);
			name = Pods;
			sourceTree = "<group>";
		};
		033B12B3693AD87FF2488EF7 /* Frameworks */ = {
			isa = PBXGroup;
			children = (
				BD8AE17E2882BA033D69A00D /* Pods_audioKitExample.framework */,
			);
			name = Frameworks;
			sourceTree = "<group>";
		};
		4BA7EB461F26264A00E6C5D9 /* sines */ = {
			isa = PBXGroup;
			children = (
				4BA7EB471F26266300E6C5D9 /* sine-A-High.m4a */,
				4BA7EB481F26266300E6C5D9 /* sine-A.m4a */,
				4BA7EB491F26266300E6C5D9 /* sine-B.m4a */,
				4BA7EB4A1F26266300E6C5D9 /* sine-C-Sharp.m4a */,
				4BA7EB4B1F26266300E6C5D9 /* sine-D.m4a */,
				4BA7EB4C1F26266300E6C5D9 /* sine-E.m4a */,
				4BA7EB4D1F26266300E6C5D9 /* sine-G-Sharp.m4a */,
			);
			name = sines;
			sourceTree = "<group>";
		};
		4BE21DB21F1FE5B4007BB22E = {
			isa = PBXGroup;
			children = (
				4BA7EB461F26264A00E6C5D9 /* sines */,
				4BE21DBD1F1FE5B4007BB22E /* audioKitExample */,
				4BE21DBC1F1FE5B4007BB22E /* Products */,
				01EE200F85AC8C972FED489A /* Pods */,
				033B12B3693AD87FF2488EF7 /* Frameworks */,
			);
			sourceTree = "<group>";
		};
		4BE21DBC1F1FE5B4007BB22E /* Products */ = {
			isa = PBXGroup;
			children = (
				4BE21DBB1F1FE5B4007BB22E /* audioKitExample.app */,
			);
			name = Products;
			sourceTree = "<group>";
		};
		4BE21DBD1F1FE5B4007BB22E /* audioKitExample */ = {
			isa = PBXGroup;
			children = (
				4BE21DBE1F1FE5B4007BB22E /* AppDelegate.swift */,
				4BE21DC01F1FE5B4007BB22E /* ViewController.swift */,
				4BE21DC21F1FE5B4007BB22E /* Main.storyboard */,
				4BE21DC51F1FE5B4007BB22E /* Assets.xcassets */,
				4BE21DC71F1FE5B4007BB22E /* LaunchScreen.storyboard */,
				4BE21DCA1F1FE5B4007BB22E /* Info.plist */,
			);
			path = audioKitExample;
			sourceTree = "<group>";
		};
/* End PBXGroup section */

/* Begin PBXNativeTarget section */
		4BE21DBA1F1FE5B4007BB22E /* audioKitExample */ = {
			isa = PBXNativeTarget;
			buildConfigurationList = 4BE21DCD1F1FE5B4007BB22E /* Build configuration list for PBXNativeTarget "audioKitExample" */;
			buildPhases = (
				A5C6FFF8EF24172666625A2F /* [CP] Check Pods Manifest.lock */,
				4BE21DB71F1FE5B4007BB22E /* Sources */,
				4BE21DB81F1FE5B4007BB22E /* Frameworks */,
				4BE21DB91F1FE5B4007BB22E /* Resources */,
				1D154CC4A0CB939214C2F9C2 /* [CP] Embed Pods Frameworks */,
				1A3BCDA74EE24CA347D71DB8 /* [CP] Copy Pods Resources */,
				4BE21DD01F1FE6AB007BB22E /* ShellScript */,
			);
			buildRules = (
			);
			dependencies = (
			);
			name = audioKitExample;
			productName = audioKitExample;
			productReference = 4BE21DBB1F1FE5B4007BB22E /* audioKitExample.app */;
			productType = "com.apple.product-type.application";
		};
/* End PBXNativeTarget section */

/* Begin PBXProject section */
		4BE21DB31F1FE5B4007BB22E /* Project object */ = {
			isa = PBXProject;
			attributes = {
				LastSwiftUpdateCheck = 0830;
				LastUpgradeCheck = 0830;
				ORGANIZATIONNAME = "Brian D Keane";
				TargetAttributes = {
					4BE21DBA1F1FE5B4007BB22E = {
						CreatedOnToolsVersion = 8.3.3;
						DevelopmentTeam = FSRSPV9N9Q;
						ProvisioningStyle = Automatic;
					};
				};
			};
			buildConfigurationList = 4BE21DB61F1FE5B4007BB22E /* Build configuration list for PBXProject "audioKitExample" */;
			compatibilityVersion = "Xcode 3.2";
			developmentRegion = English;
			hasScannedForEncodings = 0;
			knownRegions = (
				en,
				Base,
			);
			mainGroup = 4BE21DB21F1FE5B4007BB22E;
			productRefGroup = 4BE21DBC1F1FE5B4007BB22E /* Products */;
			projectDirPath = "";
			projectRoot = "";
			targets = (
				4BE21DBA1F1FE5B4007BB22E /* audioKitExample */,
			);
		};
/* End PBXProject section */

/* Begin PBXResourcesBuildPhase section */
		4BE21DB91F1FE5B4007BB22E /* Resources */ = {
			isa = PBXResourcesBuildPhase;
			buildActionMask = 2147483647;
			files = (
				4BE21DC91F1FE5B4007BB22E /* LaunchScreen.storyboard in Resources */,
				4BA7EB4E1F26266300E6C5D9 /* sine-A-High.m4a in Resources */,
				4BA7EB521F26266300E6C5D9 /* sine-D.m4a in Resources */,
				4BA7EB511F26266300E6C5D9 /* sine-C-Sharp.m4a in Resources */,
				4BE21DC61F1FE5B4007BB22E /* Assets.xcassets in Resources */,
				4BA7EB4F1F26266300E6C5D9 /* sine-A.m4a in Resources */,
				4BA7EB501F26266300E6C5D9 /* sine-B.m4a in Resources */,
				4BA7EB531F26266300E6C5D9 /* sine-E.m4a in Resources */,
				4BA7EB541F26266300E6C5D9 /* sine-G-Sharp.m4a in Resources */,
				4BE21DC41F1FE5B4007BB22E /* Main.storyboard in Resources */,
			);
			runOnlyForDeploymentPostprocessing = 0;
		};
/* End PBXResourcesBuildPhase section */

/* Begin PBXShellScriptBuildPhase section */
		1A3BCDA74EE24CA347D71DB8 /* [CP] Copy Pods Resources */ = {
			isa = PBXShellScriptBuildPhase;
			buildActionMask = 2147483647;
			files = (
			);
			inputPaths = (
			);
			name = "[CP] Copy Pods Resources";
			outputPaths = (
			);
			runOnlyForDeploymentPostprocessing = 0;
			shellPath = /bin/sh;
			shellScript = "\"${SRCROOT}/Pods/Target Support Files/Pods-audioKitExample/Pods-audioKitExample-resources.sh\"\n";
			showEnvVarsInLog = 0;
		};
		1D154CC4A0CB939214C2F9C2 /* [CP] Embed Pods Frameworks */ = {
			isa = PBXShellScriptBuildPhase;
			buildActionMask = 2147483647;
			files = (
			);
			inputPaths = (
			);
			name = "[CP] Embed Pods Frameworks";
			outputPaths = (
			);
			runOnlyForDeploymentPostprocessing = 0;
			shellPath = /bin/sh;
			shellScript = "\"${SRCROOT}/Pods/Target Support Files/Pods-audioKitExample/Pods-audioKitExample-frameworks.sh\"\n";
			showEnvVarsInLog = 0;
		};
		4BE21DD01F1FE6AB007BB22E /* ShellScript */ = {
			isa = PBXShellScriptBuildPhase;
			buildActionMask = 2147483647;
			files = (
			);
			inputPaths = (
			);
			outputPaths = (
			);
			runOnlyForDeploymentPostprocessing = 0;
			shellPath = /bin/sh;
			shellScript = "\"$BUILT_PRODUCTS_DIR/$FRAMEWORKS_FOLDER_PATH/AudioKit.framework/fix-framework.sh\"";
		};
		A5C6FFF8EF24172666625A2F /* [CP] Check Pods Manifest.lock */ = {
			isa = PBXShellScriptBuildPhase;
			buildActionMask = 2147483647;
			files = (
			);
			inputPaths = (
			);
			name = "[CP] Check Pods Manifest.lock";
			outputPaths = (
			);
			runOnlyForDeploymentPostprocessing = 0;
			shellPath = /bin/sh;
			shellScript = "diff \"${PODS_ROOT}/../Podfile.lock\" \"${PODS_ROOT}/Manifest.lock\" > /dev/null\nif [ $? != 0 ] ; then\n    # print error to STDERR\n    echo \"error: The sandbox is not in sync with the Podfile.lock. Run 'pod install' or update your CocoaPods installation.\" >&2\n    exit 1\nfi\n";
			showEnvVarsInLog = 0;
		};
/* End PBXShellScriptBuildPhase section */

/* Begin PBXSourcesBuildPhase section */
		4BE21DB71F1FE5B4007BB22E /* Sources */ = {
			isa = PBXSourcesBuildPhase;
			buildActionMask = 2147483647;
			files = (
				4BE21DC11F1FE5B4007BB22E /* ViewController.swift in Sources */,
				4BE21DBF1F1FE5B4007BB22E /* AppDelegate.swift in Sources */,
			);
			runOnlyForDeploymentPostprocessing = 0;
		};
/* End PBXSourcesBuildPhase section */

/* Begin PBXVariantGroup section */
		4BE21DC21F1FE5B4007BB22E /* Main.storyboard */ = {
			isa = PBXVariantGroup;
			children = (
				4BE21DC31F1FE5B4007BB22E /* Base */,
			);
			name = Main.storyboard;
			sourceTree = "<group>";
		};
		4BE21DC71F1FE5B4007BB22E /* LaunchScreen.storyboard */ = {
			isa = PBXVariantGroup;
			children = (
				4BE21DC81F1FE5B4007BB22E /* Base */,
			);
			name = LaunchScreen.storyboard;
			sourceTree = "<group>";
		};
/* End PBXVariantGroup section */

/* Begin XCBuildConfiguration section */
		4BE21DCB1F1FE5B4007BB22E /* Debug */ = {
			isa = XCBuildConfiguration;
			buildSettings = {
				ALWAYS_SEARCH_USER_PATHS = NO;
				CLANG_ANALYZER_NONNULL = YES;
				CLANG_ANALYZER_NUMBER_OBJECT_CONVERSION = YES_AGGRESSIVE;
				CLANG_CXX_LANGUAGE_STANDARD = "gnu++0x";
				CLANG_CXX_LIBRARY = "libc++";
				CLANG_ENABLE_MODULES = YES;
				CLANG_ENABLE_OBJC_ARC = YES;
				CLANG_WARN_BOOL_CONVERSION = YES;
				CLANG_WARN_CONSTANT_CONVERSION = YES;
				CLANG_WARN_DIRECT_OBJC_ISA_USAGE = YES_ERROR;
				CLANG_WARN_DOCUMENTATION_COMMENTS = YES;
				CLANG_WARN_EMPTY_BODY = YES;
				CLANG_WARN_ENUM_CONVERSION = YES;
				CLANG_WARN_INFINITE_RECURSION = YES;
				CLANG_WARN_INT_CONVERSION = YES;
				CLANG_WARN_OBJC_ROOT_CLASS = YES_ERROR;
				CLANG_WARN_SUSPICIOUS_MOVE = YES;
				CLANG_WARN_UNREACHABLE_CODE = YES;
				CLANG_WARN__DUPLICATE_METHOD_MATCH = YES;
				"CODE_SIGN_IDENTITY[sdk=iphoneos*]" = "iPhone Developer";
				COPY_PHASE_STRIP = NO;
				DEBUG_INFORMATION_FORMAT = dwarf;
				ENABLE_STRICT_OBJC_MSGSEND = YES;
				ENABLE_TESTABILITY = YES;
				GCC_C_LANGUAGE_STANDARD = gnu99;
				GCC_DYNAMIC_NO_PIC = NO;
				GCC_NO_COMMON_BLOCKS = YES;
				GCC_OPTIMIZATION_LEVEL = 0;
				GCC_PREPROCESSOR_DEFINITIONS = (
					"DEBUG=1",
					"$(inherited)",
				);
				GCC_WARN_64_TO_32_BIT_CONVERSION = YES;
				GCC_WARN_ABOUT_RETURN_TYPE = YES_ERROR;
				GCC_WARN_UNDECLARED_SELECTOR = YES;
				GCC_WARN_UNINITIALIZED_AUTOS = YES_AGGRESSIVE;
				GCC_WARN_UNUSED_FUNCTION = YES;
				GCC_WARN_UNUSED_VARIABLE = YES;
				IPHONEOS_DEPLOYMENT_TARGET = 10.3;
				MTL_ENABLE_DEBUG_INFO = YES;
				ONLY_ACTIVE_ARCH = YES;
				SDKROOT = iphoneos;
				SWIFT_ACTIVE_COMPILATION_CONDITIONS = DEBUG;
				SWIFT_OPTIMIZATION_LEVEL = "-Onone";
			};
			name = Debug;
		};
		4BE21DCC1F1FE5B4007BB22E /* Release */ = {
			isa = XCBuildConfiguration;
			buildSettings = {
				ALWAYS_SEARCH_USER_PATHS = NO;
				CLANG_ANALYZER_NONNULL = YES;
				CLANG_ANALYZER_NUMBER_OBJECT_CONVERSION = YES_AGGRESSIVE;
				CLANG_CXX_LANGUAGE_STANDARD = "gnu++0x";
				CLANG_CXX_LIBRARY = "libc++";
				CLANG_ENABLE_MODULES = YES;
				CLANG_ENABLE_OBJC_ARC = YES;
				CLANG_WARN_BOOL_CONVERSION = YES;
				CLANG_WARN_CONSTANT_CONVERSION = YES;
				CLANG_WARN_DIRECT_OBJC_ISA_USAGE = YES_ERROR;
				CLANG_WARN_DOCUMENTATION_COMMENTS = YES;
				CLANG_WARN_EMPTY_BODY = YES;
				CLANG_WARN_ENUM_CONVERSION = YES;
				CLANG_WARN_INFINITE_RECURSION = YES;
				CLANG_WARN_INT_CONVERSION = YES;
				CLANG_WARN_OBJC_ROOT_CLASS = YES_ERROR;
				CLANG_WARN_SUSPICIOUS_MOVE = YES;
				CLANG_WARN_UNREACHABLE_CODE = YES;
				CLANG_WARN__DUPLICATE_METHOD_MATCH = YES;
				"CODE_SIGN_IDENTITY[sdk=iphoneos*]" = "iPhone Developer";
				COPY_PHASE_STRIP = NO;
				DEBUG_INFORMATION_FORMAT = "dwarf-with-dsym";
				ENABLE_NS_ASSERTIONS = NO;
				ENABLE_STRICT_OBJC_MSGSEND = YES;
				GCC_C_LANGUAGE_STANDARD = gnu99;
				GCC_NO_COMMON_BLOCKS = YES;
				GCC_WARN_64_TO_32_BIT_CONVERSION = YES;
				GCC_WARN_ABOUT_RETURN_TYPE = YES_ERROR;
				GCC_WARN_UNDECLARED_SELECTOR = YES;
				GCC_WARN_UNINITIALIZED_AUTOS = YES_AGGRESSIVE;
				GCC_WARN_UNUSED_FUNCTION = YES;
				GCC_WARN_UNUSED_VARIABLE = YES;
				IPHONEOS_DEPLOYMENT_TARGET = 10.3;
				MTL_ENABLE_DEBUG_INFO = NO;
				SDKROOT = iphoneos;
				SWIFT_OPTIMIZATION_LEVEL = "-Owholemodule";
				VALIDATE_PRODUCT = YES;
			};
			name = Release;
		};
		4BE21DCE1F1FE5B4007BB22E /* Debug */ = {
			isa = XCBuildConfiguration;
			baseConfigurationReference = 0A9BC79F217542934234A66A /* Pods-audioKitExample.debug.xcconfig */;
			buildSettings = {
				ASSETCATALOG_COMPILER_APPICON_NAME = AppIcon;
				DEVELOPMENT_TEAM = FSRSPV9N9Q;
				INFOPLIST_FILE = audioKitExample/Info.plist;
				LD_RUNPATH_SEARCH_PATHS = "$(inherited) @executable_path/Frameworks";
				PRODUCT_BUNDLE_IDENTIFIER = fm.playola.audioKitExample;
				PRODUCT_NAME = "$(TARGET_NAME)";
				SWIFT_VERSION = 3.0;
			};
			name = Debug;
		};
		4BE21DCF1F1FE5B4007BB22E /* Release */ = {
			isa = XCBuildConfiguration;
			baseConfigurationReference = 925E8AE308156610972A41E2 /* Pods-audioKitExample.release.xcconfig */;
			buildSettings = {
				ASSETCATALOG_COMPILER_APPICON_NAME = AppIcon;
				DEVELOPMENT_TEAM = FSRSPV9N9Q;
				INFOPLIST_FILE = audioKitExample/Info.plist;
				LD_RUNPATH_SEARCH_PATHS = "$(inherited) @executable_path/Frameworks";
				PRODUCT_BUNDLE_IDENTIFIER = fm.playola.audioKitExample;
				PRODUCT_NAME = "$(TARGET_NAME)";
				SWIFT_VERSION = 3.0;
			};
			name = Release;
		};
/* End XCBuildConfiguration section */

/* Begin XCConfigurationList section */
		4BE21DB61F1FE5B4007BB22E /* Build configuration list for PBXProject "audioKitExample" */ = {
			isa = XCConfigurationList;
			buildConfigurations = (
				4BE21DCB1F1FE5B4007BB22E /* Debug */,
				4BE21DCC1F1FE5B4007BB22E /* Release */,
			);
			defaultConfigurationIsVisible = 0;
			defaultConfigurationName = Release;
		};
		4BE21DCD1F1FE5B4007BB22E /* Build configuration list for PBXNativeTarget "audioKitExample" */ = {
			isa = XCConfigurationList;
			buildConfigurations = (
				4BE21DCE1F1FE5B4007BB22E /* Debug */,
				4BE21DCF1F1FE5B4007BB22E /* Release */,
			);
			defaultConfigurationIsVisible = 0;
			defaultConfigurationName = Release;
		};
/* End XCConfigurationList section */
	};
	rootObject = 4BE21DB31F1FE5B4007BB22E /* Project object */;
}
